// !$*UTF8*$!
{
	archiveVersion = 1;
	classes = {
	};
	objectVersion = 56;
	objects = {

/* Begin PBXBuildFile section */
		FBEC4D062A99BDE800ACB55F /* AppDelegate.swift in Sources */ = {isa = PBXBuildFile; fileRef = FBEC4D052A99BDE800ACB55F /* AppDelegate.swift */; };
		FBEC4D082A99BDE800ACB55F /* SceneDelegate.swift in Sources */ = {isa = PBXBuildFile; fileRef = FBEC4D072A99BDE800ACB55F /* SceneDelegate.swift */; };
		FBEC4D0A2A99BDE800ACB55F /* ViewController.swift in Sources */ = {isa = PBXBuildFile; fileRef = FBEC4D092A99BDE800ACB55F /* ViewController.swift */; };
		FBEC4D0D2A99BDE900ACB55F /* Main.storyboard in Resources */ = {isa = PBXBuildFile; fileRef = FBEC4D0B2A99BDE800ACB55F /* Main.storyboard */; };
		FBEC4D102A99BDE900ACB55F /* Tour_Blank.xcdatamodeld in Sources */ = {isa = PBXBuildFile; fileRef = FBEC4D0E2A99BDE900ACB55F /* Tour_Blank.xcdatamodeld */; };
		FBEC4D122A99BDEB00ACB55F /* Assets.xcassets in Resources */ = {isa = PBXBuildFile; fileRef = FBEC4D112A99BDEB00ACB55F /* Assets.xcassets */; };
		FBEC4D152A99BDEB00ACB55F /* LaunchScreen.storyboard in Resources */ = {isa = PBXBuildFile; fileRef = FBEC4D132A99BDEB00ACB55F /* LaunchScreen.storyboard */; };
/* End PBXBuildFile section */

/* Begin PBXFileReference section */
		FBEC4D022A99BDE800ACB55F /* Tour Blank.app */ = {isa = PBXFileReference; explicitFileType = wrapper.application; includeInIndex = 0; path = "Tour Blank.app"; sourceTree = BUILT_PRODUCTS_DIR; };
		FBEC4D052A99BDE800ACB55F /* AppDelegate.swift */ = {isa = PBXFileReference; lastKnownFileType = sourcecode.swift; path = AppDelegate.swift; sourceTree = "<group>"; };
		FBEC4D072A99BDE800ACB55F /* SceneDelegate.swift */ = {isa = PBXFileReference; lastKnownFileType = sourcecode.swift; path = SceneDelegate.swift; sourceTree = "<group>"; };
		FBEC4D092A99BDE800ACB55F /* ViewController.swift */ = {isa = PBXFileReference; lastKnownFileType = sourcecode.swift; path = ViewController.swift; sourceTree = "<group>"; };
		FBEC4D0C2A99BDE900ACB55F /* Base */ = {isa = PBXFileReference; lastKnownFileType = file.storyboard; name = Base; path = Base.lproj/Main.storyboard; sourceTree = "<group>"; };
		FBEC4D0F2A99BDE900ACB55F /* Tour_Blank.xcdatamodel */ = {isa = PBXFileReference; lastKnownFileType = wrapper.xcdatamodel; path = Tour_Blank.xcdatamodel; sourceTree = "<group>"; };
		FBEC4D112A99BDEB00ACB55F /* Assets.xcassets */ = {isa = PBXFileReference; lastKnownFileType = folder.assetcatalog; path = Assets.xcassets; sourceTree = "<group>"; };
		FBEC4D142A99BDEB00ACB55F /* Base */ = {isa = PBXFileReference; lastKnownFileType = file.storyboard; name = Base; path = Base.lproj/LaunchScreen.storyboard; sourceTree = "<group>"; };
		FBEC4D162A99BDEB00ACB55F /* Info.plist */ = {isa = PBXFileReference; lastKnownFileType = text.plist.xml; path = Info.plist; sourceTree = "<group>"; };
/* End PBXFileReference section */

/* Begin PBXFrameworksBuildPhase section */
		FBEC4CFF2A99BDE800ACB55F /* Frameworks */ = {
			isa = PBXFrameworksBuildPhase;
			buildActionMask = 2147483647;
			files = (
			);
			runOnlyForDeploymentPostprocessing = 0;
		};
/* End PBXFrameworksBuildPhase section */

/* Begin PBXGroup section */
		FBEC4CF92A99BDE800ACB55F = {
			isa = PBXGroup;
			children = (
				FBEC4D042A99BDE800ACB55F /* Tour Blank */,
				FBEC4D032A99BDE800ACB55F /* Products */,
			);
			sourceTree = "<group>";
		};
		FBEC4D032A99BDE800ACB55F /* Products */ = {
			isa = PBXGroup;
			children = (
				FBEC4D022A99BDE800ACB55F /* Tour Blank.app */,
			);
			name = Products;
			sourceTree = "<group>";
		};
		FBEC4D042A99BDE800ACB55F /* Tour Blank */ = {
			isa = PBXGroup;
			children = (
				FBEC4D052A99BDE800ACB55F /* AppDelegate.swift */,
				FBEC4D072A99BDE800ACB55F /* SceneDelegate.swift */,
				FBEC4D092A99BDE800ACB55F /* ViewController.swift */,
				FBEC4D0B2A99BDE800ACB55F /* Main.storyboard */,
				FBEC4D112A99BDEB00ACB55F /* Assets.xcassets */,
				FBEC4D132A99BDEB00ACB55F /* LaunchScreen.storyboard */,
				FBEC4D162A99BDEB00ACB55F /* Info.plist */,
				FBEC4D0E2A99BDE900ACB55F /* Tour_Blank.xcdatamodeld */,
			);
			path = "Tour Blank";
			sourceTree = "<group>";
		};
/* End PBXGroup section */

/* Begin PBXNativeTarget section */
		FBEC4D012A99BDE800ACB55F /* Tour Blank */ = {
			isa = PBXNativeTarget;
			buildConfigurationList = FBEC4D192A99BDEB00ACB55F /* Build configuration list for PBXNativeTarget "Tour Blank" */;
			buildPhases = (
				FBEC4CFE2A99BDE800ACB55F /* Sources */,
				FBEC4CFF2A99BDE800ACB55F /* Frameworks */,
				FBEC4D002A99BDE800ACB55F /* Resources */,
			);
			buildRules = (
			);
			dependencies = (
			);
			name = "Tour Blank";
			productName = "Tour Blank";
			productReference = FBEC4D022A99BDE800ACB55F /* Tour Blank.app */;
			productType = "com.apple.product-type.application";
		};
/* End PBXNativeTarget section */

/* Begin PBXProject section */
		FBEC4CFA2A99BDE800ACB55F /* Project object */ = {
			isa = PBXProject;
			attributes = {
				BuildIndependentTargetsInParallel = 1;
				LastSwiftUpdateCheck = 1430;
				LastUpgradeCheck = 1430;
				TargetAttributes = {
					FBEC4D012A99BDE800ACB55F = {
						CreatedOnToolsVersion = 14.3.1;
					};
				};
			};
			buildConfigurationList = FBEC4CFD2A99BDE800ACB55F /* Build configuration list for PBXProject "Tour Blank" */;
			compatibilityVersion = "Xcode 14.0";
			developmentRegion = en;
			hasScannedForEncodings = 0;
			knownRegions = (
				en,
				Base,
			);
			mainGroup = FBEC4CF92A99BDE800ACB55F;
			productRefGroup = FBEC4D032A99BDE800ACB55F /* Products */;
			projectDirPath = "";
			projectRoot = "";
			targets = (
				FBEC4D012A99BDE800ACB55F /* Tour Blank */,
			);
		};
/* End PBXProject section */

/* Begin PBXResourcesBuildPhase section */
		FBEC4D002A99BDE800ACB55F /* Resources */ = {
			isa = PBXResourcesBuildPhase;
			buildActionMask = 2147483647;
			files = (
				FBEC4D152A99BDEB00ACB55F /* LaunchScreen.storyboard in Resources */,
				FBEC4D122A99BDEB00ACB55F /* Assets.xcassets in Resources */,
				FBEC4D0D2A99BDE900ACB55F /* Main.storyboard in Resources */,
			);
			runOnlyForDeploymentPostprocessing = 0;
		};
/* End PBXResourcesBuildPhase section */

/* Begin PBXSourcesBuildPhase section */
		FBEC4CFE2A99BDE800ACB55F /* Sources */ = {
			isa = PBXSourcesBuildPhase;
			buildActionMask = 2147483647;
			files = (
				FBEC4D102A99BDE900ACB55F /* Tour_Blank.xcdatamodeld in Sources */,
				FBEC4D0A2A99BDE800ACB55F /* ViewController.swift in Sources */,
				FBEC4D062A99BDE800ACB55F /* AppDelegate.swift in Sources */,
				FBEC4D082A99BDE800ACB55F /* SceneDelegate.swift in Sources */,
			);
			runOnlyForDeploymentPostprocessing = 0;
		};
/* End PBXSourcesBuildPhase section */

/* Begin PBXVariantGroup section */
		FBEC4D0B2A99BDE800ACB55F /* Main.storyboard */ = {
			isa = PBXVariantGroup;
			children = (
				FBEC4D0C2A99BDE900ACB55F /* Base */,
			);
			name = Main.storyboard;
			sourceTree = "<group>";
		};
		FBEC4D132A99BDEB00ACB55F /* LaunchScreen.storyboard */ = {
			isa = PBXVariantGroup;
			children = (
				FBEC4D142A99BDEB00ACB55F /* Base */,
			);
			name = LaunchScreen.storyboard;
			sourceTree = "<group>";
		};
/* End PBXVariantGroup section */

/* Begin XCBuildConfiguration section */
		FBEC4D172A99BDEB00ACB55F /* Debug */ = {
			isa = XCBuildConfiguration;
			buildSettings = {
				ALWAYS_SEARCH_USER_PATHS = NO;
				CLANG_ANALYZER_NONNULL = YES;
				CLANG_ANALYZER_NUMBER_OBJECT_CONVERSION = YES_AGGRESSIVE;
				CLANG_CXX_LANGUAGE_STANDARD = "gnu++20";
				CLANG_ENABLE_MODULES = YES;
				CLANG_ENABLE_OBJC_ARC = YES;
				CLANG_ENABLE_OBJC_WEAK = YES;
				CLANG_WARN_BLOCK_CAPTURE_AUTORELEASING = YES;
				CLANG_WARN_BOOL_CONVERSION = YES;
				CLANG_WARN_COMMA = YES;
				CLANG_WARN_CONSTANT_CONVERSION = YES;
				CLANG_WARN_DEPRECATED_OBJC_IMPLEMENTATIONS = YES;
				CLANG_WARN_DIRECT_OBJC_ISA_USAGE = YES_ERROR;
				CLANG_WARN_DOCUMENTATION_COMMENTS = YES;
				CLANG_WARN_EMPTY_BODY = YES;
				CLANG_WARN_ENUM_CONVERSION = YES;
				CLANG_WARN_INFINITE_RECURSION = YES;
				CLANG_WARN_INT_CONVERSION = YES;
				CLANG_WARN_NON_LITERAL_NULL_CONVERSION = YES;
				CLANG_WARN_OBJC_IMPLICIT_RETAIN_SELF = YES;
				CLANG_WARN_OBJC_LITERAL_CONVERSION = YES;
				CLANG_WARN_OBJC_ROOT_CLASS = YES_ERROR;
				CLANG_WARN_QUOTED_INCLUDE_IN_FRAMEWORK_HEADER = YES;
				CLANG_WARN_RANGE_LOOP_ANALYSIS = YES;
				CLANG_WARN_STRICT_PROTOTYPES = YES;
				CLANG_WARN_SUSPICIOUS_MOVE = YES;
				CLANG_WARN_UNGUARDED_AVAILABILITY = YES_AGGRESSIVE;
				CLANG_WARN_UNREACHABLE_CODE = YES;
				CLANG_WARN__DUPLICATE_METHOD_MATCH = YES;
				COPY_PHASE_STRIP = NO;
				DEBUG_INFORMATION_FORMAT = dwarf;
				ENABLE_STRICT_OBJC_MSGSEND = YES;
				ENABLE_TESTABILITY = YES;
				GCC_C_LANGUAGE_STANDARD = gnu11;
				GCC_DYNAMIC_NO_PIC = NO;
				GCC_NO_COMMON_BLOCKS = YES;
				GCC_OPTIMIZATION_LEVEL = 0;
				GCC_PREPROCESSOR_DEFINITIONS = (
					"DEBUG=1",
					"$(inherited)",
				);
				GCC_WARN_64_TO_32_BIT_CONVERSION = YES;
				GCC_WARN_ABOUT_RETURN_TYPE = YES_ERROR;
				GCC_WARN_UNDECLARED_SELECTOR = YES;
				GCC_WARN_UNINITIALIZED_AUTOS = YES_AGGRESSIVE;
				GCC_WARN_UNUSED_FUNCTION = YES;
				GCC_WARN_UNUSED_VARIABLE = YES;
				IPHONEOS_DEPLOYMENT_TARGET = 16.4;
				MTL_ENABLE_DEBUG_INFO = INCLUDE_SOURCE;
				MTL_FAST_MATH = YES;
				ONLY_ACTIVE_ARCH = YES;
				SDKROOT = iphoneos;
				SWIFT_ACTIVE_COMPILATION_CONDITIONS = DEBUG;
				SWIFT_OPTIMIZATION_LEVEL = "-Onone";
			};
			name = Debug;
		};
		FBEC4D182A99BDEB00ACB55F /* Release */ = {
			isa = XCBuildConfiguration;
			buildSettings = {
				ALWAYS_SEARCH_USER_PATHS = NO;
				CLANG_ANALYZER_NONNULL = YES;
				CLANG_ANALYZER_NUMBER_OBJECT_CONVERSION = YES_AGGRESSIVE;
				CLANG_CXX_LANGUAGE_STANDARD = "gnu++20";
				CLANG_ENABLE_MODULES = YES;
				CLANG_ENABLE_OBJC_ARC = YES;
				CLANG_ENABLE_OBJC_WEAK = YES;
				CLANG_WARN_BLOCK_CAPTURE_AUTORELEASING = YES;
				CLANG_WARN_BOOL_CONVERSION = YES;
				CLANG_WARN_COMMA = YES;
				CLANG_WARN_CONSTANT_CONVERSION = YES;
				CLANG_WARN_DEPRECATED_OBJC_IMPLEMENTATIONS = YES;
				CLANG_WARN_DIRECT_OBJC_ISA_USAGE = YES_ERROR;
				CLANG_WARN_DOCUMENTATION_COMMENTS = YES;
				CLANG_WARN_EMPTY_BODY = YES;
				CLANG_WARN_ENUM_CONVERSION = YES;
				CLANG_WARN_INFINITE_RECURSION = YES;
				CLANG_WARN_INT_CONVERSION = YES;
				CLANG_WARN_NON_LITERAL_NULL_CONVERSION = YES;
				CLANG_WARN_OBJC_IMPLICIT_RETAIN_SELF = YES;
				CLANG_WARN_OBJC_LITERAL_CONVERSION = YES;
				CLANG_WARN_OBJC_ROOT_CLASS = YES_ERROR;
				CLANG_WARN_QUOTED_INCLUDE_IN_FRAMEWORK_HEADER = YES;
				CLANG_WARN_RANGE_LOOP_ANALYSIS = YES;
				CLANG_WARN_STRICT_PROTOTYPES = YES;
				CLANG_WARN_SUSPICIOUS_MOVE = YES;
				CLANG_WARN_UNGUARDED_AVAILABILITY = YES_AGGRESSIVE;
				CLANG_WARN_UNREACHABLE_CODE = YES;
				CLANG_WARN__DUPLICATE_METHOD_MATCH = YES;
				COPY_PHASE_STRIP = NO;
				DEBUG_INFORMATION_FORMAT = "dwarf-with-dsym";
				ENABLE_NS_ASSERTIONS = NO;
				ENABLE_STRICT_OBJC_MSGSEND = YES;
				GCC_C_LANGUAGE_STANDARD = gnu11;
				GCC_NO_COMMON_BLOCKS = YES;
				GCC_WARN_64_TO_32_BIT_CONVERSION = YES;
				GCC_WARN_ABOUT_RETURN_TYPE = YES_ERROR;
				GCC_WARN_UNDECLARED_SELECTOR = YES;
				GCC_WARN_UNINITIALIZED_AUTOS = YES_AGGRESSIVE;
				GCC_WARN_UNUSED_FUNCTION = YES;
				GCC_WARN_UNUSED_VARIABLE = YES;
				IPHONEOS_DEPLOYMENT_TARGET = 16.4;
				MTL_ENABLE_DEBUG_INFO = NO;
				MTL_FAST_MATH = YES;
				SDKROOT = iphoneos;
				SWIFT_COMPILATION_MODE = wholemodule;
				SWIFT_OPTIMIZATION_LEVEL = "-O";
				VALIDATE_PRODUCT = YES;
			};
			name = Release;
		};
		FBEC4D1A2A99BDEB00ACB55F /* Debug */ = {
			isa = XCBuildConfiguration;
			buildSettings = {
				ASSETCATALOG_COMPILER_APPICON_NAME = AppIcon;
				ASSETCATALOG_COMPILER_GLOBAL_ACCENT_COLOR_NAME = AccentColor;
				CODE_SIGN_STYLE = Automatic;
				CURRENT_PROJECT_VERSION = 1;
				DEVELOPMENT_TEAM = RDUJ47QN57;
				GENERATE_INFOPLIST_FILE = YES;
				INFOPLIST_FILE = "Tour Blank/Info.plist";
				INFOPLIST_KEY_UIApplicationSupportsIndirectInputEvents = YES;
				INFOPLIST_KEY_UILaunchStoryboardName = LaunchScreen;
				INFOPLIST_KEY_UIMainStoryboardFile = Main;
				INFOPLIST_KEY_UISupportedInterfaceOrientations_iPad = "UIInterfaceOrientationPortrait UIInterfaceOrientationPortraitUpsideDown UIInterfaceOrientationLandscapeLeft UIInterfaceOrientationLandscapeRight";
				INFOPLIST_KEY_UISupportedInterfaceOrientations_iPhone = "UIInterfaceOrientationPortrait UIInterfaceOrientationLandscapeLeft UIInterfaceOrientationLandscapeRight";
				LD_RUNPATH_SEARCH_PATHS = (
					"$(inherited)",
					"@executable_path/Frameworks",
				);
				MARKETING_VERSION = 1.0;
				PRODUCT_BUNDLE_IDENTIFIER = "uz.integer.Tour-Blank";
				PRODUCT_NAME = "$(TARGET_NAME)";
				SWIFT_EMIT_LOC_STRINGS = YES;
				SWIFT_VERSION = 5.0;
				TARGETED_DEVICE_FAMILY = "1,2";
			};
			name = Debug;
		};
		FBEC4D1B2A99BDEB00ACB55F /* Release */ = {
			isa = XCBuildConfiguration;
			buildSettings = {
				ASSETCATALOG_COMPILER_APPICON_NAME = AppIcon;
				ASSETCATALOG_COMPILER_GLOBAL_ACCENT_COLOR_NAME = AccentColor;
				CODE_SIGN_STYLE = Automatic;
				CURRENT_PROJECT_VERSION = 1;
				DEVELOPMENT_TEAM = RDUJ47QN57;
				GENERATE_INFOPLIST_FILE = YES;
				INFOPLIST_FILE = "Tour Blank/Info.plist";
				INFOPLIST_KEY_UIApplicationSupportsIndirectInputEvents = YES;
				INFOPLIST_KEY_UILaunchStoryboardName = LaunchScreen;
				INFOPLIST_KEY_UIMainStoryboardFile = Main;
				INFOPLIST_KEY_UISupportedInterfaceOrientations_iPad = "UIInterfaceOrientationPortrait UIInterfaceOrientationPortraitUpsideDown UIInterfaceOrientationLandscapeLeft UIInterfaceOrientationLandscapeRight";
				INFOPLIST_KEY_UISupportedInterfaceOrientations_iPhone = "UIInterfaceOrientationPortrait UIInterfaceOrientationLandscapeLeft UIInterfaceOrientationLandscapeRight";
				LD_RUNPATH_SEARCH_PATHS = (
					"$(inherited)",
					"@executable_path/Frameworks",
				);
				MARKETING_VERSION = 1.0;
				PRODUCT_BUNDLE_IDENTIFIER = "uz.integer.Tour-Blank";
				PRODUCT_NAME = "$(TARGET_NAME)";
				SWIFT_EMIT_LOC_STRINGS = YES;
				SWIFT_VERSION = 5.0;
				TARGETED_DEVICE_FAMILY = "1,2";
			};
			name = Release;
		};
/* End XCBuildConfiguration section */

/* Begin XCConfigurationList section */
		FBEC4CFD2A99BDE800ACB55F /* Build configuration list for PBXProject "Tour Blank" */ = {
			isa = XCConfigurationList;
			buildConfigurations = (
				FBEC4D172A99BDEB00ACB55F /* Debug */,
				FBEC4D182A99BDEB00ACB55F /* Release */,
			);
			defaultConfigurationIsVisible = 0;
			defaultConfigurationName = Release;
		};
		FBEC4D192A99BDEB00ACB55F /* Build configuration list for PBXNativeTarget "Tour Blank" */ = {
			isa = XCConfigurationList;
			buildConfigurations = (
				FBEC4D1A2A99BDEB00ACB55F /* Debug */,
				FBEC4D1B2A99BDEB00ACB55F /* Release */,
			);
			defaultConfigurationIsVisible = 0;
			defaultConfigurationName = Release;
		};
/* End XCConfigurationList section */

/* Begin XCVersionGroup section */
		FBEC4D0E2A99BDE900ACB55F /* Tour_Blank.xcdatamodeld */ = {
			isa = XCVersionGroup;
			children = (
				FBEC4D0F2A99BDE900ACB55F /* Tour_Blank.xcdatamodel */,
			);
			currentVersion = FBEC4D0F2A99BDE900ACB55F /* Tour_Blank.xcdatamodel */;
			path = Tour_Blank.xcdatamodeld;
			sourceTree = "<group>";
			versionGroupType = wrapper.xcdatamodel;
		};
/* End XCVersionGroup section */
	};
	rootObject = FBEC4CFA2A99BDE800ACB55F /* Project object */;
}
